
Microsoft Visual Studio Solution File, Format Version 12.00
# Visual Studio Version 17
VisualStudioVersion = 17.13.35828.75 d17.13
MinimumVisualStudioVersion = 10.0.40219.1
Project("{FAE04EC0-301F-11D3-BF4B-00C04F79EFBC}") = "MCP-Studio", "MCP-Studio.csproj", "{DE236021-8E14-497C-9E34-2BF5B5305426}"
EndProject
Global
	GlobalSection(SolutionConfigurationPlatforms) = preSolution
		Debug|Any CPU = Debug|Any CPU
		Release|Any CPU = Release|Any CPU
	EndGlobalSection
	GlobalSection(ProjectConfigurationPlatforms) = postSolution
		{DE236021-8E14-497C-9E34-2BF5B5305426}.Debug|Any CPU.ActiveCfg = Debug|Any CPU
		{DE236021-8E14-497C-9E34-2BF5B5305426}.Debug|Any CPU.Build.0 = Debug|Any CPU
		{DE236021-8E14-497C-9E34-2BF5B5305426}.Release|Any CPU.ActiveCfg = Release|Any CPU
		{DE236021-8E14-497C-9E34-2BF5B5305426}.Release|Any CPU.Build.0 = Release|Any CPU
	EndGlobalSection
	GlobalSection(SolutionProperties) = preSolution
		HideSolutionNode = FALSE
	EndGlobalSection
	GlobalSection(ExtensibilityGlobals) = postSolution
		SolutionGuid = {29F1DA96-42A3-48BE-9390-2033C0474A02}
	EndGlobalSection
EndGlobal
